// !$*UTF8*$!
{
	archiveVersion = 1;
	classes = {
	};
	objectVersion = 50;
	objects = {

/* Begin PBXBuildFile section */
		8528305E27130F7F0009E4E1 /* AppDelegate.swift in Sources */ = {isa = PBXBuildFile; fileRef = 8528305D27130F7F0009E4E1 /* AppDelegate.swift */; };
		8528306027130F7F0009E4E1 /* SceneDelegate.swift in Sources */ = {isa = PBXBuildFile; fileRef = 8528305F27130F7F0009E4E1 /* SceneDelegate.swift */; };
		8528306227130F7F0009E4E1 /* ViewController.swift in Sources */ = {isa = PBXBuildFile; fileRef = 8528306127130F7F0009E4E1 /* ViewController.swift */; };
		8528306527130F7F0009E4E1 /* Main.storyboard in Resources */ = {isa = PBXBuildFile; fileRef = 8528306327130F7F0009E4E1 /* Main.storyboard */; };
		8528306A27130F830009E4E1 /* LaunchScreen.storyboard in Resources */ = {isa = PBXBuildFile; fileRef = 8528306827130F830009E4E1 /* LaunchScreen.storyboard */; };
		857C5F882725802900AABF2B /* SettingTableViewCell.swift in Sources */ = {isa = PBXBuildFile; fileRef = 857C5F872725802900AABF2B /* SettingTableViewCell.swift */; };
		857C5F8A2725950C00AABF2B /* SwitchTableViewCell.swift in Sources */ = {isa = PBXBuildFile; fileRef = 857C5F892725950C00AABF2B /* SwitchTableViewCell.swift */; };
/* End PBXBuildFile section */

/* Begin PBXFileReference section */
		8528305A27130F7F0009E4E1 /* SettingsApp2.app */ = {isa = PBXFileReference; explicitFileType = wrapper.application; includeInIndex = 0; path = SettingsApp2.app; sourceTree = BUILT_PRODUCTS_DIR; };
		8528305D27130F7F0009E4E1 /* AppDelegate.swift */ = {isa = PBXFileReference; lastKnownFileType = sourcecode.swift; path = AppDelegate.swift; sourceTree = "<group>"; };
		8528305F27130F7F0009E4E1 /* SceneDelegate.swift */ = {isa = PBXFileReference; lastKnownFileType = sourcecode.swift; path = SceneDelegate.swift; sourceTree = "<group>"; };
		8528306127130F7F0009E4E1 /* ViewController.swift */ = {isa = PBXFileReference; lastKnownFileType = sourcecode.swift; path = ViewController.swift; sourceTree = "<group>"; };
		8528306427130F7F0009E4E1 /* Base */ = {isa = PBXFileReference; lastKnownFileType = file.storyboard; name = Base; path = Base.lproj/Main.storyboard; sourceTree = "<group>"; };
		8528306927130F830009E4E1 /* Base */ = {isa = PBXFileReference; lastKnownFileType = file.storyboard; name = Base; path = Base.lproj/LaunchScreen.storyboard; sourceTree = "<group>"; };
		8528306B27130F830009E4E1 /* Info.plist */ = {isa = PBXFileReference; lastKnownFileType = text.plist.xml; path = Info.plist; sourceTree = "<group>"; };
		857C5F872725802900AABF2B /* SettingTableViewCell.swift */ = {isa = PBXFileReference; lastKnownFileType = sourcecode.swift; path = SettingTableViewCell.swift; sourceTree = "<group>"; };
		857C5F892725950C00AABF2B /* SwitchTableViewCell.swift */ = {isa = PBXFileReference; lastKnownFileType = sourcecode.swift; path = SwitchTableViewCell.swift; sourceTree = "<group>"; };
/* End PBXFileReference section */

/* Begin PBXFrameworksBuildPhase section */
		8528305727130F7F0009E4E1 /* Frameworks */ = {
			isa = PBXFrameworksBuildPhase;
			buildActionMask = 2147483647;
			files = (
			);
			runOnlyForDeploymentPostprocessing = 0;
		};
/* End PBXFrameworksBuildPhase section */

/* Begin PBXGroup section */
		8528305127130F7F0009E4E1 = {
			isa = PBXGroup;
			children = (
				8528305C27130F7F0009E4E1 /* SettingsApp2 */,
				8528305B27130F7F0009E4E1 /* Products */,
			);
			sourceTree = "<group>";
		};
		8528305B27130F7F0009E4E1 /* Products */ = {
			isa = PBXGroup;
			children = (
				8528305A27130F7F0009E4E1 /* SettingsApp2.app */,
			);
			name = Products;
			sourceTree = "<group>";
		};
		8528305C27130F7F0009E4E1 /* SettingsApp2 */ = {
			isa = PBXGroup;
			children = (
				8528305D27130F7F0009E4E1 /* AppDelegate.swift */,
				8528305F27130F7F0009E4E1 /* SceneDelegate.swift */,
				8528306127130F7F0009E4E1 /* ViewController.swift */,
				8528306327130F7F0009E4E1 /* Main.storyboard */,
				8528306827130F830009E4E1 /* LaunchScreen.storyboard */,
				8528306B27130F830009E4E1 /* Info.plist */,
				857C5F872725802900AABF2B /* SettingTableViewCell.swift */,
				857C5F892725950C00AABF2B /* SwitchTableViewCell.swift */,
			);
			path = SettingsApp2;
			sourceTree = "<group>";
		};
/* End PBXGroup section */

/* Begin PBXNativeTarget section */
		8528305927130F7F0009E4E1 /* SettingsApp2 */ = {
			isa = PBXNativeTarget;
			buildConfigurationList = 8528306E27130F830009E4E1 /* Build configuration list for PBXNativeTarget "SettingsApp2" */;
			buildPhases = (
				8528305627130F7F0009E4E1 /* Sources */,
				8528305727130F7F0009E4E1 /* Frameworks */,
				8528305827130F7F0009E4E1 /* Resources */,
			);
			buildRules = (
			);
			dependencies = (
			);
			name = SettingsApp2;
			productName = SettingsApp2;
			productReference = 8528305A27130F7F0009E4E1 /* SettingsApp2.app */;
			productType = "com.apple.product-type.application";
		};
/* End PBXNativeTarget section */

/* Begin PBXProject section */
		8528305227130F7F0009E4E1 /* Project object */ = {
			isa = PBXProject;
			attributes = {
				LastSwiftUpdateCheck = 1250;
				LastUpgradeCheck = 1250;
				TargetAttributes = {
					8528305927130F7F0009E4E1 = {
						CreatedOnToolsVersion = 12.5.1;
					};
				};
			};
			buildConfigurationList = 8528305527130F7F0009E4E1 /* Build configuration list for PBXProject "SettingsApp2" */;
			compatibilityVersion = "Xcode 9.3";
			developmentRegion = en;
			hasScannedForEncodings = 0;
			knownRegions = (
				en,
				Base,
			);
			mainGroup = 8528305127130F7F0009E4E1;
			productRefGroup = 8528305B27130F7F0009E4E1 /* Products */;
			projectDirPath = "";
			projectRoot = "";
			targets = (
				8528305927130F7F0009E4E1 /* SettingsApp2 */,
			);
		};
/* End PBXProject section */

/* Begin PBXResourcesBuildPhase section */
		8528305827130F7F0009E4E1 /* Resources */ = {
			isa = PBXResourcesBuildPhase;
			buildActionMask = 2147483647;
			files = (
				8528306A27130F830009E4E1 /* LaunchScreen.storyboard in Resources */,
				8528306527130F7F0009E4E1 /* Main.storyboard in Resources */,
			);
			runOnlyForDeploymentPostprocessing = 0;
		};
/* End PBXResourcesBuildPhase section */

/* Begin PBXSourcesBuildPhase section */
		8528305627130F7F0009E4E1 /* Sources */ = {
			isa = PBXSourcesBuildPhase;
			buildActionMask = 2147483647;
			files = (
				8528306227130F7F0009E4E1 /* ViewController.swift in Sources */,
				8528305E27130F7F0009E4E1 /* AppDelegate.swift in Sources */,
				857C5F8A2725950C00AABF2B /* SwitchTableViewCell.swift in Sources */,
				857C5F882725802900AABF2B /* SettingTableViewCell.swift in Sources */,
				8528306027130F7F0009E4E1 /* SceneDelegate.swift in Sources */,
			);
			runOnlyForDeploymentPostprocessing = 0;
		};
/* End PBXSourcesBuildPhase section */

/* Begin PBXVariantGroup section */
		8528306327130F7F0009E4E1 /* Main.storyboard */ = {
			isa = PBXVariantGroup;
			children = (
				8528306427130F7F0009E4E1 /* Base */,
			);
			name = Main.storyboard;
			sourceTree = "<group>";
		};
		8528306827130F830009E4E1 /* LaunchScreen.storyboard */ = {
			isa = PBXVariantGroup;
			children = (
				8528306927130F830009E4E1 /* Base */,
			);
			name = LaunchScreen.storyboard;
			sourceTree = "<group>";
		};
/* End PBXVariantGroup section */

/* Begin XCBuildConfiguration section */
		8528306C27130F830009E4E1 /* Debug */ = {
			isa = XCBuildConfiguration;
			buildSettings = {
				ALWAYS_SEARCH_USER_PATHS = NO;
				CLANG_ANALYZER_NONNULL = YES;
				CLANG_ANALYZER_NUMBER_OBJECT_CONVERSION = YES_AGGRESSIVE;
				CLANG_CXX_LANGUAGE_STANDARD = "gnu++14";
				CLANG_CXX_LIBRARY = "libc++";
				CLANG_ENABLE_MODULES = YES;
				CLANG_ENABLE_OBJC_ARC = YES;
				CLANG_ENABLE_OBJC_WEAK = YES;
				CLANG_WARN_BLOCK_CAPTURE_AUTORELEASING = YES;
				CLANG_WARN_BOOL_CONVERSION = YES;
				CLANG_WARN_COMMA = YES;
				CLANG_WARN_CONSTANT_CONVERSION = YES;
				CLANG_WARN_DEPRECATED_OBJC_IMPLEMENTATIONS = YES;
				CLANG_WARN_DIRECT_OBJC_ISA_USAGE = YES_ERROR;
				CLANG_WARN_DOCUMENTATION_COMMENTS = YES;
				CLANG_WARN_EMPTY_BODY = YES;
				CLANG_WARN_ENUM_CONVERSION = YES;
				CLANG_WARN_INFINITE_RECURSION = YES;
				CLANG_WARN_INT_CONVERSION = YES;
				CLANG_WARN_NON_LITERAL_NULL_CONVERSION = YES;
				CLANG_WARN_OBJC_IMPLICIT_RETAIN_SELF = YES;
				CLANG_WARN_OBJC_LITERAL_CONVERSION = YES;
				CLANG_WARN_OBJC_ROOT_CLASS = YES_ERROR;
				CLANG_WARN_QUOTED_INCLUDE_IN_FRAMEWORK_HEADER = YES;
				CLANG_WARN_RANGE_LOOP_ANALYSIS = YES;
				CLANG_WARN_STRICT_PROTOTYPES = YES;
				CLANG_WARN_SUSPICIOUS_MOVE = YES;
				CLANG_WARN_UNGUARDED_AVAILABILITY = YES_AGGRESSIVE;
				CLANG_WARN_UNREACHABLE_CODE = YES;
				CLANG_WARN__DUPLICATE_METHOD_MATCH = YES;
				COPY_PHASE_STRIP = NO;
				DEBUG_INFORMATION_FORMAT = dwarf;
				ENABLE_STRICT_OBJC_MSGSEND = YES;
				ENABLE_TESTABILITY = YES;
				GCC_C_LANGUAGE_STANDARD = gnu11;
				GCC_DYNAMIC_NO_PIC = NO;
				GCC_NO_COMMON_BLOCKS = YES;
				GCC_OPTIMIZATION_LEVEL = 0;
				GCC_PREPROCESSOR_DEFINITIONS = (
					"DEBUG=1",
					"$(inherited)",
				);
				GCC_WARN_64_TO_32_BIT_CONVERSION = YES;
				GCC_WARN_ABOUT_RETURN_TYPE = YES_ERROR;
				GCC_WARN_UNDECLARED_SELECTOR = YES;
				GCC_WARN_UNINITIALIZED_AUTOS = YES_AGGRESSIVE;
				GCC_WARN_UNUSED_FUNCTION = YES;
				GCC_WARN_UNUSED_VARIABLE = YES;
				IPHONEOS_DEPLOYMENT_TARGET = 14.5;
				MTL_ENABLE_DEBUG_INFO = INCLUDE_SOURCE;
				MTL_FAST_MATH = YES;
				ONLY_ACTIVE_ARCH = YES;
				SDKROOT = iphoneos;
				SWIFT_ACTIVE_COMPILATION_CONDITIONS = DEBUG;
				SWIFT_OPTIMIZATION_LEVEL = "-Onone";
			};
			name = Debug;
		};
		8528306D27130F830009E4E1 /* Release */ = {
			isa = XCBuildConfiguration;
			buildSettings = {
				ALWAYS_SEARCH_USER_PATHS = NO;
				CLANG_ANALYZER_NONNULL = YES;
				CLANG_ANALYZER_NUMBER_OBJECT_CONVERSION = YES_AGGRESSIVE;
				CLANG_CXX_LANGUAGE_STANDARD = "gnu++14";
				CLANG_CXX_LIBRARY = "libc++";
				CLANG_ENABLE_MODULES = YES;
				CLANG_ENABLE_OBJC_ARC = YES;
				CLANG_ENABLE_OBJC_WEAK = YES;
				CLANG_WARN_BLOCK_CAPTURE_AUTORELEASING = YES;
				CLANG_WARN_BOOL_CONVERSION = YES;
				CLANG_WARN_COMMA = YES;
				CLANG_WARN_CONSTANT_CONVERSION = YES;
				CLANG_WARN_DEPRECATED_OBJC_IMPLEMENTATIONS = YES;
				CLANG_WARN_DIRECT_OBJC_ISA_USAGE = YES_ERROR;
				CLANG_WARN_DOCUMENTATION_COMMENTS = YES;
				CLANG_WARN_EMPTY_BODY = YES;
				CLANG_WARN_ENUM_CONVERSION = YES;
				CLANG_WARN_INFINITE_RECURSION = YES;
				CLANG_WARN_INT_CONVERSION = YES;
				CLANG_WARN_NON_LITERAL_NULL_CONVERSION = YES;
				CLANG_WARN_OBJC_IMPLICIT_RETAIN_SELF = YES;
				CLANG_WARN_OBJC_LITERAL_CONVERSION = YES;
				CLANG_WARN_OBJC_ROOT_CLASS = YES_ERROR;
				CLANG_WARN_QUOTED_INCLUDE_IN_FRAMEWORK_HEADER = YES;
				CLANG_WARN_RANGE_LOOP_ANALYSIS = YES;
				CLANG_WARN_STRICT_PROTOTYPES = YES;
				CLANG_WARN_SUSPICIOUS_MOVE = YES;
				CLANG_WARN_UNGUARDED_AVAILABILITY = YES_AGGRESSIVE;
				CLANG_WARN_UNREACHABLE_CODE = YES;
				CLANG_WARN__DUPLICATE_METHOD_MATCH = YES;
				COPY_PHASE_STRIP = NO;
				DEBUG_INFORMATION_FORMAT = "dwarf-with-dsym";
				ENABLE_NS_ASSERTIONS = NO;
				ENABLE_STRICT_OBJC_MSGSEND = YES;
				GCC_C_LANGUAGE_STANDARD = gnu11;
				GCC_NO_COMMON_BLOCKS = YES;
				GCC_WARN_64_TO_32_BIT_CONVERSION = YES;
				GCC_WARN_ABOUT_RETURN_TYPE = YES_ERROR;
				GCC_WARN_UNDECLARED_SELECTOR = YES;
				GCC_WARN_UNINITIALIZED_AUTOS = YES_AGGRESSIVE;
				GCC_WARN_UNUSED_FUNCTION = YES;
				GCC_WARN_UNUSED_VARIABLE = YES;
				IPHONEOS_DEPLOYMENT_TARGET = 14.5;
				MTL_ENABLE_DEBUG_INFO = NO;
				MTL_FAST_MATH = YES;
				SDKROOT = iphoneos;
				SWIFT_COMPILATION_MODE = wholemodule;
				SWIFT_OPTIMIZATION_LEVEL = "-O";
				VALIDATE_PRODUCT = YES;
			};
			name = Release;
		};
		8528306F27130F830009E4E1 /* Debug */ = {
			isa = XCBuildConfiguration;
			buildSettings = {
				ASSETCATALOG_COMPILER_GLOBAL_ACCENT_COLOR_NAME = AccentColor;
				CODE_SIGN_STYLE = Automatic;
				INFOPLIST_FILE = SettingsApp2/Info.plist;
				LD_RUNPATH_SEARCH_PATHS = (
					"$(inherited)",
					"@executable_path/Frameworks",
				);
				PRODUCT_BUNDLE_IDENTIFIER = com.my.SettingsApp2;
				PRODUCT_NAME = "$(TARGET_NAME)";
				SWIFT_VERSION = 5.0;
				TARGETED_DEVICE_FAMILY = "1,2";
			};
			name = Debug;
		};
		8528307027130F830009E4E1 /* Release */ = {
			isa = XCBuildConfiguration;
			buildSettings = {
				ASSETCATALOG_COMPILER_GLOBAL_ACCENT_COLOR_NAME = AccentColor;
				CODE_SIGN_STYLE = Automatic;
				INFOPLIST_FILE = SettingsApp2/Info.plist;
				LD_RUNPATH_SEARCH_PATHS = (
					"$(inherited)",
					"@executable_path/Frameworks",
				);
				PRODUCT_BUNDLE_IDENTIFIER = com.my.SettingsApp2;
				PRODUCT_NAME = "$(TARGET_NAME)";
				SWIFT_VERSION = 5.0;
				TARGETED_DEVICE_FAMILY = "1,2";
			};
			name = Release;
		};
/* End XCBuildConfiguration section */

/* Begin XCConfigurationList section */
		8528305527130F7F0009E4E1 /* Build configuration list for PBXProject "SettingsApp2" */ = {
			isa = XCConfigurationList;
			buildConfigurations = (
				8528306C27130F830009E4E1 /* Debug */,
				8528306D27130F830009E4E1 /* Release */,
			);
			defaultConfigurationIsVisible = 0;
			defaultConfigurationName = Release;
		};
		8528306E27130F830009E4E1 /* Build configuration list for PBXNativeTarget "SettingsApp2" */ = {
			isa = XCConfigurationList;
			buildConfigurations = (
				8528306F27130F830009E4E1 /* Debug */,
				8528307027130F830009E4E1 /* Release */,
			);
			defaultConfigurationIsVisible = 0;
			defaultConfigurationName = Release;
		};
/* End XCConfigurationList section */
	};
	rootObject = 8528305227130F7F0009E4E1 /* Project object */;
}
